// !$*UTF8*$!
{
	archiveVersion = 1;
	classes = {
	};
	objectVersion = 48;
	objects = {

/* Begin PBXBuildFile section */
		03206A9D1F948F3000FFB69A /* AppDelegate.swift in Sources */ = {isa = PBXBuildFile; fileRef = 03206A9C1F948F3000FFB69A /* AppDelegate.swift */; };
		03206A9F1F948F3000FFB69A /* GamesVC.swift in Sources */ = {isa = PBXBuildFile; fileRef = 03206A9E1F948F3000FFB69A /* GamesVC.swift */; };
		03206AA21F948F3000FFB69A /* Main.storyboard in Resources */ = {isa = PBXBuildFile; fileRef = 03206AA01F948F3000FFB69A /* Main.storyboard */; };
		03206AA41F948F3000FFB69A /* Assets.xcassets in Resources */ = {isa = PBXBuildFile; fileRef = 03206AA31F948F3000FFB69A /* Assets.xcassets */; };
		03206AA71F948F3000FFB69A /* LaunchScreen.storyboard in Resources */ = {isa = PBXBuildFile; fileRef = 03206AA51F948F3000FFB69A /* LaunchScreen.storyboard */; };
		03206AB21F948F3000FFB69A /* EnvoyCodeTest-Tests.swift in Sources */ = {isa = PBXBuildFile; fileRef = 03206AB11F948F3000FFB69A /* EnvoyCodeTest-Tests.swift */; };
		5F3702D1202BB4A3009E6067 /* Game.swift in Sources */ = {isa = PBXBuildFile; fileRef = 5F3702D0202BB4A3009E6067 /* Game.swift */; };
		5F3702D9202BBD88009E6067 /* GameCell.swift in Sources */ = {isa = PBXBuildFile; fileRef = 5F3702D8202BBD88009E6067 /* GameCell.swift */; };
		5F3702DD202BC02F009E6067 /* GamesVC+CollectionView.swift in Sources */ = {isa = PBXBuildFile; fileRef = 5F3702DC202BC02F009E6067 /* GamesVC+CollectionView.swift */; };
		5F3702DF202BC355009E6067 /* ImageViewSpinner.swift in Sources */ = {isa = PBXBuildFile; fileRef = 5F3702DE202BC355009E6067 /* ImageViewSpinner.swift */; };
		5F69FC1A202B7DA000F0EFC1 /* APIManager.swift in Sources */ = {isa = PBXBuildFile; fileRef = 5F69FC19202B7DA000F0EFC1 /* APIManager.swift */; };
		5F69FC1D202B7DE200F0EFC1 /* JSON.swift in Sources */ = {isa = PBXBuildFile; fileRef = 5F69FC1C202B7DE200F0EFC1 /* JSON.swift */; };
		5F69FC1F202B7E1C00F0EFC1 /* GCD.swift in Sources */ = {isa = PBXBuildFile; fileRef = 5F69FC1E202B7E1C00F0EFC1 /* GCD.swift */; };
		5F69FC22202B7E6100F0EFC1 /* String+Extensions.swift in Sources */ = {isa = PBXBuildFile; fileRef = 5F69FC21202B7E6100F0EFC1 /* String+Extensions.swift */; };
		5F69FC24202B83CD00F0EFC1 /* Constants.swift in Sources */ = {isa = PBXBuildFile; fileRef = 5F69FC23202B83CD00F0EFC1 /* Constants.swift */; };
		5FC77715202BDD29000ACD8E /* UINavigationBar+BottomBorder.swift in Sources */ = {isa = PBXBuildFile; fileRef = 5FC77714202BDD29000ACD8E /* UINavigationBar+BottomBorder.swift */; };
/* End PBXBuildFile section */

/* Begin PBXContainerItemProxy section */
		03206AAE1F948F3000FFB69A /* PBXContainerItemProxy */ = {
			isa = PBXContainerItemProxy;
			containerPortal = 03206A911F948F3000FFB69A /* Project object */;
			proxyType = 1;
			remoteGlobalIDString = 03206A981F948F3000FFB69A;
			remoteInfo = EnvoyCodeTest;
		};
/* End PBXContainerItemProxy section */

/* Begin PBXFileReference section */
		03206A991F948F3000FFB69A /* EnvoyCodeTest.app */ = {isa = PBXFileReference; explicitFileType = wrapper.application; includeInIndex = 0; path = EnvoyCodeTest.app; sourceTree = BUILT_PRODUCTS_DIR; };
		03206A9C1F948F3000FFB69A /* AppDelegate.swift */ = {isa = PBXFileReference; lastKnownFileType = sourcecode.swift; path = AppDelegate.swift; sourceTree = "<group>"; };
		03206A9E1F948F3000FFB69A /* GamesVC.swift */ = {isa = PBXFileReference; lastKnownFileType = sourcecode.swift; path = GamesVC.swift; sourceTree = "<group>"; };
		03206AA11F948F3000FFB69A /* Base */ = {isa = PBXFileReference; lastKnownFileType = file.storyboard; name = Base; path = Base.lproj/Main.storyboard; sourceTree = "<group>"; };
		03206AA31F948F3000FFB69A /* Assets.xcassets */ = {isa = PBXFileReference; lastKnownFileType = folder.assetcatalog; path = Assets.xcassets; sourceTree = "<group>"; };
		03206AA61F948F3000FFB69A /* Base */ = {isa = PBXFileReference; lastKnownFileType = file.storyboard; name = Base; path = Base.lproj/LaunchScreen.storyboard; sourceTree = "<group>"; };
		03206AA81F948F3000FFB69A /* Info.plist */ = {isa = PBXFileReference; lastKnownFileType = text.plist.xml; path = Info.plist; sourceTree = "<group>"; };
		03206AAD1F948F3000FFB69A /* EnvoyCodeTest-Tests.xctest */ = {isa = PBXFileReference; explicitFileType = wrapper.cfbundle; includeInIndex = 0; path = "EnvoyCodeTest-Tests.xctest"; sourceTree = BUILT_PRODUCTS_DIR; };
		03206AB11F948F3000FFB69A /* EnvoyCodeTest-Tests.swift */ = {isa = PBXFileReference; lastKnownFileType = sourcecode.swift; path = "EnvoyCodeTest-Tests.swift"; sourceTree = "<group>"; };
		03206AB31F948F3000FFB69A /* Info.plist */ = {isa = PBXFileReference; lastKnownFileType = text.plist.xml; path = Info.plist; sourceTree = "<group>"; };
		5F3702D0202BB4A3009E6067 /* Game.swift */ = {isa = PBXFileReference; lastKnownFileType = sourcecode.swift; path = Game.swift; sourceTree = "<group>"; };
		5F3702D8202BBD88009E6067 /* GameCell.swift */ = {isa = PBXFileReference; lastKnownFileType = sourcecode.swift; path = GameCell.swift; sourceTree = "<group>"; };
		5F3702DC202BC02F009E6067 /* GamesVC+CollectionView.swift */ = {isa = PBXFileReference; lastKnownFileType = sourcecode.swift; path = "GamesVC+CollectionView.swift"; sourceTree = "<group>"; };
		5F3702DE202BC355009E6067 /* ImageViewSpinner.swift */ = {isa = PBXFileReference; lastKnownFileType = sourcecode.swift; path = ImageViewSpinner.swift; sourceTree = "<group>"; };
		5F69FC19202B7DA000F0EFC1 /* APIManager.swift */ = {isa = PBXFileReference; lastKnownFileType = sourcecode.swift; path = APIManager.swift; sourceTree = "<group>"; };
		5F69FC1C202B7DE200F0EFC1 /* JSON.swift */ = {isa = PBXFileReference; lastKnownFileType = sourcecode.swift; path = JSON.swift; sourceTree = "<group>"; };
		5F69FC1E202B7E1C00F0EFC1 /* GCD.swift */ = {isa = PBXFileReference; lastKnownFileType = sourcecode.swift; path = GCD.swift; sourceTree = "<group>"; };
		5F69FC21202B7E6100F0EFC1 /* String+Extensions.swift */ = {isa = PBXFileReference; lastKnownFileType = sourcecode.swift; path = "String+Extensions.swift"; sourceTree = "<group>"; };
		5F69FC23202B83CD00F0EFC1 /* Constants.swift */ = {isa = PBXFileReference; lastKnownFileType = sourcecode.swift; path = Constants.swift; sourceTree = "<group>"; };
		5FC77714202BDD29000ACD8E /* UINavigationBar+BottomBorder.swift */ = {isa = PBXFileReference; lastKnownFileType = sourcecode.swift; path = "UINavigationBar+BottomBorder.swift"; sourceTree = "<group>"; };
		77D696C31F951D3D0004327D /* TestAppDesign.png */ = {isa = PBXFileReference; lastKnownFileType = image.png; path = TestAppDesign.png; sourceTree = "<group>"; };
/* End PBXFileReference section */

/* Begin PBXFrameworksBuildPhase section */
		03206A961F948F3000FFB69A /* Frameworks */ = {
			isa = PBXFrameworksBuildPhase;
			buildActionMask = 2147483647;
			files = (
			);
			runOnlyForDeploymentPostprocessing = 0;
		};
		03206AAA1F948F3000FFB69A /* Frameworks */ = {
			isa = PBXFrameworksBuildPhase;
			buildActionMask = 2147483647;
			files = (
			);
			runOnlyForDeploymentPostprocessing = 0;
		};
/* End PBXFrameworksBuildPhase section */

/* Begin PBXGroup section */
		03206A901F948F3000FFB69A = {
			isa = PBXGroup;
			children = (
				77D696C31F951D3D0004327D /* TestAppDesign.png */,
				03206A9B1F948F3000FFB69A /* EnvoyCodeTest */,
				03206AB01F948F3000FFB69A /* EnvoyCodeTest-Tests */,
				03206A9A1F948F3000FFB69A /* Products */,
			);
			sourceTree = "<group>";
		};
		03206A9A1F948F3000FFB69A /* Products */ = {
			isa = PBXGroup;
			children = (
				03206A991F948F3000FFB69A /* EnvoyCodeTest.app */,
				03206AAD1F948F3000FFB69A /* EnvoyCodeTest-Tests.xctest */,
			);
			name = Products;
			sourceTree = "<group>";
		};
		03206A9B1F948F3000FFB69A /* EnvoyCodeTest */ = {
			isa = PBXGroup;
			children = (
				5F69FC23202B83CD00F0EFC1 /* Constants.swift */,
				5F3702CD202BB486009E6067 /* AppDelegate */,
				5F3702CF202BB49A009E6067 /* View */,
				5F3702CE202BB495009E6067 /* Model */,
				5F3702CC202BB46F009E6067 /* Controller */,
				5F69FC18202B7D9000F0EFC1 /* Managers */,
				5F69FC1B202B7DC100F0EFC1 /* Utilities */,
				5F69FC20202B7E4400F0EFC1 /* Extensions */,
				5F3702DB202BBDFA009E6067 /* Storyboard */,
				5F3702DA202BBDE2009E6067 /* Resources */,
			);
			path = EnvoyCodeTest;
			sourceTree = "<group>";
		};
		03206AB01F948F3000FFB69A /* EnvoyCodeTest-Tests */ = {
			isa = PBXGroup;
			children = (
				03206AB11F948F3000FFB69A /* EnvoyCodeTest-Tests.swift */,
				03206AB31F948F3000FFB69A /* Info.plist */,
			);
			path = "EnvoyCodeTest-Tests";
			sourceTree = "<group>";
		};
		5F3702CC202BB46F009E6067 /* Controller */ = {
			isa = PBXGroup;
			children = (
				03206A9E1F948F3000FFB69A /* GamesVC.swift */,
				5F3702DC202BC02F009E6067 /* GamesVC+CollectionView.swift */,
			);
			path = Controller;
			sourceTree = "<group>";
		};
		5F3702CD202BB486009E6067 /* AppDelegate */ = {
			isa = PBXGroup;
			children = (
				03206A9C1F948F3000FFB69A /* AppDelegate.swift */,
			);
			path = AppDelegate;
			sourceTree = "<group>";
		};
		5F3702CE202BB495009E6067 /* Model */ = {
			isa = PBXGroup;
			children = (
				5F3702D0202BB4A3009E6067 /* Game.swift */,
			);
			path = Model;
			sourceTree = "<group>";
		};
		5F3702CF202BB49A009E6067 /* View */ = {
			isa = PBXGroup;
			children = (
				5F3702D8202BBD88009E6067 /* GameCell.swift */,
				5F3702DE202BC355009E6067 /* ImageViewSpinner.swift */,
			);
			path = View;
			sourceTree = "<group>";
		};
		5F3702DA202BBDE2009E6067 /* Resources */ = {
			isa = PBXGroup;
			children = (
				03206AA31F948F3000FFB69A /* Assets.xcassets */,
				03206AA51F948F3000FFB69A /* LaunchScreen.storyboard */,
				03206AA81F948F3000FFB69A /* Info.plist */,
			);
			path = Resources;
			sourceTree = "<group>";
		};
		5F3702DB202BBDFA009E6067 /* Storyboard */ = {
			isa = PBXGroup;
			children = (
				03206AA01F948F3000FFB69A /* Main.storyboard */,
			);
			path = Storyboard;
			sourceTree = "<group>";
		};
		5F69FC18202B7D9000F0EFC1 /* Managers */ = {
			isa = PBXGroup;
			children = (
				5F69FC19202B7DA000F0EFC1 /* APIManager.swift */,
			);
			path = Managers;
			sourceTree = "<group>";
		};
		5F69FC1B202B7DC100F0EFC1 /* Utilities */ = {
			isa = PBXGroup;
			children = (
				5F69FC1C202B7DE200F0EFC1 /* JSON.swift */,
				5F69FC1E202B7E1C00F0EFC1 /* GCD.swift */,
			);
			path = Utilities;
			sourceTree = "<group>";
		};
		5F69FC20202B7E4400F0EFC1 /* Extensions */ = {
			isa = PBXGroup;
			children = (
				5F69FC21202B7E6100F0EFC1 /* String+Extensions.swift */,
				5FC77714202BDD29000ACD8E /* UINavigationBar+BottomBorder.swift */,
			);
			name = Extensions;
			sourceTree = "<group>";
		};
/* End PBXGroup section */

/* Begin PBXNativeTarget section */
		03206A981F948F3000FFB69A /* EnvoyCodeTest */ = {
			isa = PBXNativeTarget;
			buildConfigurationList = 03206AB61F948F3000FFB69A /* Build configuration list for PBXNativeTarget "EnvoyCodeTest" */;
			buildPhases = (
				03206A951F948F3000FFB69A /* Sources */,
				03206A961F948F3000FFB69A /* Frameworks */,
				03206A971F948F3000FFB69A /* Resources */,
			);
			buildRules = (
			);
			dependencies = (
			);
			name = EnvoyCodeTest;
			productName = EnvoyCodeTest;
			productReference = 03206A991F948F3000FFB69A /* EnvoyCodeTest.app */;
			productType = "com.apple.product-type.application";
		};
		03206AAC1F948F3000FFB69A /* EnvoyCodeTest-Tests */ = {
			isa = PBXNativeTarget;
			buildConfigurationList = 03206AB91F948F3000FFB69A /* Build configuration list for PBXNativeTarget "EnvoyCodeTest-Tests" */;
			buildPhases = (
				03206AA91F948F3000FFB69A /* Sources */,
				03206AAA1F948F3000FFB69A /* Frameworks */,
				03206AAB1F948F3000FFB69A /* Resources */,
			);
			buildRules = (
			);
			dependencies = (
				03206AAF1F948F3000FFB69A /* PBXTargetDependency */,
			);
			name = "EnvoyCodeTest-Tests";
			productName = EnvoyCodeTestTests;
			productReference = 03206AAD1F948F3000FFB69A /* EnvoyCodeTest-Tests.xctest */;
			productType = "com.apple.product-type.bundle.unit-test";
		};
/* End PBXNativeTarget section */

/* Begin PBXProject section */
		03206A911F948F3000FFB69A /* Project object */ = {
			isa = PBXProject;
			attributes = {
				LastSwiftUpdateCheck = 0900;
				LastUpgradeCheck = 0900;
				ORGANIZATIONNAME = Envoy;
				TargetAttributes = {
					03206A981F948F3000FFB69A = {
						CreatedOnToolsVersion = 9.0;
						ProvisioningStyle = Automatic;
					};
					03206AAC1F948F3000FFB69A = {
						CreatedOnToolsVersion = 9.0;
						ProvisioningStyle = Automatic;
						TestTargetID = 03206A981F948F3000FFB69A;
					};
				};
			};
			buildConfigurationList = 03206A941F948F3000FFB69A /* Build configuration list for PBXProject "EnvoyCodeTest" */;
			compatibilityVersion = "Xcode 8.0";
			developmentRegion = en;
			hasScannedForEncodings = 0;
			knownRegions = (
				en,
				Base,
			);
			mainGroup = 03206A901F948F3000FFB69A;
			productRefGroup = 03206A9A1F948F3000FFB69A /* Products */;
			projectDirPath = "";
			projectRoot = "";
			targets = (
				03206A981F948F3000FFB69A /* EnvoyCodeTest */,
				03206AAC1F948F3000FFB69A /* EnvoyCodeTest-Tests */,
			);
		};
/* End PBXProject section */

/* Begin PBXResourcesBuildPhase section */
		03206A971F948F3000FFB69A /* Resources */ = {
			isa = PBXResourcesBuildPhase;
			buildActionMask = 2147483647;
			files = (
				03206AA71F948F3000FFB69A /* LaunchScreen.storyboard in Resources */,
				03206AA41F948F3000FFB69A /* Assets.xcassets in Resources */,
				03206AA21F948F3000FFB69A /* Main.storyboard in Resources */,
			);
			runOnlyForDeploymentPostprocessing = 0;
		};
		03206AAB1F948F3000FFB69A /* Resources */ = {
			isa = PBXResourcesBuildPhase;
			buildActionMask = 2147483647;
			files = (
			);
			runOnlyForDeploymentPostprocessing = 0;
		};
/* End PBXResourcesBuildPhase section */

/* Begin PBXSourcesBuildPhase section */
		03206A951F948F3000FFB69A /* Sources */ = {
			isa = PBXSourcesBuildPhase;
			buildActionMask = 2147483647;
			files = (
				5F69FC1F202B7E1C00F0EFC1 /* GCD.swift in Sources */,
				5F69FC1A202B7DA000F0EFC1 /* APIManager.swift in Sources */,
				5F3702D9202BBD88009E6067 /* GameCell.swift in Sources */,
				03206A9F1F948F3000FFB69A /* GamesVC.swift in Sources */,
				03206A9D1F948F3000FFB69A /* AppDelegate.swift in Sources */,
				5F69FC24202B83CD00F0EFC1 /* Constants.swift in Sources */,
				5F69FC22202B7E6100F0EFC1 /* String+Extensions.swift in Sources */,
				5F69FC1D202B7DE200F0EFC1 /* JSON.swift in Sources */,
				5F3702DF202BC355009E6067 /* ImageViewSpinner.swift in Sources */,
				5F3702D1202BB4A3009E6067 /* Game.swift in Sources */,
				5FC77715202BDD29000ACD8E /* UINavigationBar+BottomBorder.swift in Sources */,
				5F3702DD202BC02F009E6067 /* GamesVC+CollectionView.swift in Sources */,
			);
			runOnlyForDeploymentPostprocessing = 0;
		};
		03206AA91F948F3000FFB69A /* Sources */ = {
			isa = PBXSourcesBuildPhase;
			buildActionMask = 2147483647;
			files = (
				03206AB21F948F3000FFB69A /* EnvoyCodeTest-Tests.swift in Sources */,
			);
			runOnlyForDeploymentPostprocessing = 0;
		};
/* End PBXSourcesBuildPhase section */

/* Begin PBXTargetDependency section */
		03206AAF1F948F3000FFB69A /* PBXTargetDependency */ = {
			isa = PBXTargetDependency;
			target = 03206A981F948F3000FFB69A /* EnvoyCodeTest */;
			targetProxy = 03206AAE1F948F3000FFB69A /* PBXContainerItemProxy */;
		};
/* End PBXTargetDependency section */

/* Begin PBXVariantGroup section */
		03206AA01F948F3000FFB69A /* Main.storyboard */ = {
			isa = PBXVariantGroup;
			children = (
				03206AA11F948F3000FFB69A /* Base */,
			);
			name = Main.storyboard;
			sourceTree = "<group>";
		};
		03206AA51F948F3000FFB69A /* LaunchScreen.storyboard */ = {
			isa = PBXVariantGroup;
			children = (
				03206AA61F948F3000FFB69A /* Base */,
			);
			name = LaunchScreen.storyboard;
			sourceTree = "<group>";
		};
/* End PBXVariantGroup section */

/* Begin XCBuildConfiguration section */
		03206AB41F948F3000FFB69A /* Debug */ = {
			isa = XCBuildConfiguration;
			buildSettings = {
				ALWAYS_SEARCH_USER_PATHS = NO;
				CLANG_ANALYZER_NONNULL = YES;
				CLANG_ANALYZER_NUMBER_OBJECT_CONVERSION = YES_AGGRESSIVE;
				CLANG_CXX_LANGUAGE_STANDARD = "gnu++14";
				CLANG_CXX_LIBRARY = "libc++";
				CLANG_ENABLE_MODULES = YES;
				CLANG_ENABLE_OBJC_ARC = YES;
				CLANG_WARN_BLOCK_CAPTURE_AUTORELEASING = YES;
				CLANG_WARN_BOOL_CONVERSION = YES;
				CLANG_WARN_COMMA = YES;
				CLANG_WARN_CONSTANT_CONVERSION = YES;
				CLANG_WARN_DIRECT_OBJC_ISA_USAGE = YES_ERROR;
				CLANG_WARN_DOCUMENTATION_COMMENTS = YES;
				CLANG_WARN_EMPTY_BODY = YES;
				CLANG_WARN_ENUM_CONVERSION = YES;
				CLANG_WARN_INFINITE_RECURSION = YES;
				CLANG_WARN_INT_CONVERSION = YES;
				CLANG_WARN_NON_LITERAL_NULL_CONVERSION = YES;
				CLANG_WARN_OBJC_LITERAL_CONVERSION = YES;
				CLANG_WARN_OBJC_ROOT_CLASS = YES_ERROR;
				CLANG_WARN_RANGE_LOOP_ANALYSIS = YES;
				CLANG_WARN_STRICT_PROTOTYPES = YES;
				CLANG_WARN_SUSPICIOUS_MOVE = YES;
				CLANG_WARN_UNGUARDED_AVAILABILITY = YES_AGGRESSIVE;
				CLANG_WARN_UNREACHABLE_CODE = YES;
				CLANG_WARN__DUPLICATE_METHOD_MATCH = YES;
				CODE_SIGN_IDENTITY = "iPhone Developer";
				COPY_PHASE_STRIP = NO;
				DEBUG_INFORMATION_FORMAT = dwarf;
				ENABLE_STRICT_OBJC_MSGSEND = YES;
				ENABLE_TESTABILITY = YES;
				GCC_C_LANGUAGE_STANDARD = gnu11;
				GCC_DYNAMIC_NO_PIC = NO;
				GCC_NO_COMMON_BLOCKS = YES;
				GCC_OPTIMIZATION_LEVEL = 0;
				GCC_PREPROCESSOR_DEFINITIONS = (
					"DEBUG=1",
					"$(inherited)",
				);
				GCC_WARN_64_TO_32_BIT_CONVERSION = YES;
				GCC_WARN_ABOUT_RETURN_TYPE = YES_ERROR;
				GCC_WARN_UNDECLARED_SELECTOR = YES;
				GCC_WARN_UNINITIALIZED_AUTOS = YES_AGGRESSIVE;
				GCC_WARN_UNUSED_FUNCTION = YES;
				GCC_WARN_UNUSED_VARIABLE = YES;
				IPHONEOS_DEPLOYMENT_TARGET = 11.0;
				MTL_ENABLE_DEBUG_INFO = YES;
				ONLY_ACTIVE_ARCH = YES;
				SDKROOT = iphoneos;
				SWIFT_ACTIVE_COMPILATION_CONDITIONS = DEBUG;
				SWIFT_OPTIMIZATION_LEVEL = "-Onone";
			};
			name = Debug;
		};
		03206AB51F948F3000FFB69A /* Release */ = {
			isa = XCBuildConfiguration;
			buildSettings = {
				ALWAYS_SEARCH_USER_PATHS = NO;
				CLANG_ANALYZER_NONNULL = YES;
				CLANG_ANALYZER_NUMBER_OBJECT_CONVERSION = YES_AGGRESSIVE;
				CLANG_CXX_LANGUAGE_STANDARD = "gnu++14";
				CLANG_CXX_LIBRARY = "libc++";
				CLANG_ENABLE_MODULES = YES;
				CLANG_ENABLE_OBJC_ARC = YES;
				CLANG_WARN_BLOCK_CAPTURE_AUTORELEASING = YES;
				CLANG_WARN_BOOL_CONVERSION = YES;
				CLANG_WARN_COMMA = YES;
				CLANG_WARN_CONSTANT_CONVERSION = YES;
				CLANG_WARN_DIRECT_OBJC_ISA_USAGE = YES_ERROR;
				CLANG_WARN_DOCUMENTATION_COMMENTS = YES;
				CLANG_WARN_EMPTY_BODY = YES;
				CLANG_WARN_ENUM_CONVERSION = YES;
				CLANG_WARN_INFINITE_RECURSION = YES;
				CLANG_WARN_INT_CONVERSION = YES;
				CLANG_WARN_NON_LITERAL_NULL_CONVERSION = YES;
				CLANG_WARN_OBJC_LITERAL_CONVERSION = YES;
				CLANG_WARN_OBJC_ROOT_CLASS = YES_ERROR;
				CLANG_WARN_RANGE_LOOP_ANALYSIS = YES;
				CLANG_WARN_STRICT_PROTOTYPES = YES;
				CLANG_WARN_SUSPICIOUS_MOVE = YES;
				CLANG_WARN_UNGUARDED_AVAILABILITY = YES_AGGRESSIVE;
				CLANG_WARN_UNREACHABLE_CODE = YES;
				CLANG_WARN__DUPLICATE_METHOD_MATCH = YES;
				CODE_SIGN_IDENTITY = "iPhone Developer";
				COPY_PHASE_STRIP = NO;
				DEBUG_INFORMATION_FORMAT = "dwarf-with-dsym";
				ENABLE_NS_ASSERTIONS = NO;
				ENABLE_STRICT_OBJC_MSGSEND = YES;
				GCC_C_LANGUAGE_STANDARD = gnu11;
				GCC_NO_COMMON_BLOCKS = YES;
				GCC_WARN_64_TO_32_BIT_CONVERSION = YES;
				GCC_WARN_ABOUT_RETURN_TYPE = YES_ERROR;
				GCC_WARN_UNDECLARED_SELECTOR = YES;
				GCC_WARN_UNINITIALIZED_AUTOS = YES_AGGRESSIVE;
				GCC_WARN_UNUSED_FUNCTION = YES;
				GCC_WARN_UNUSED_VARIABLE = YES;
				IPHONEOS_DEPLOYMENT_TARGET = 11.0;
				MTL_ENABLE_DEBUG_INFO = NO;
				SDKROOT = iphoneos;
				SWIFT_OPTIMIZATION_LEVEL = "-Owholemodule";
				VALIDATE_PRODUCT = YES;
			};
			name = Release;
		};
		03206AB71F948F3000FFB69A /* Debug */ = {
			isa = XCBuildConfiguration;
			buildSettings = {
				ASSETCATALOG_COMPILER_APPICON_NAME = AppIcon;
				CODE_SIGN_STYLE = Automatic;
				DEVELOPMENT_TEAM = 875MRQ5J2T;
				INFOPLIST_FILE = "$(SRCROOT)/EnvoyCodeTest/Resources/Info.plist";
				IPHONEOS_DEPLOYMENT_TARGET = 10.0;
				LD_RUNPATH_SEARCH_PATHS = "$(inherited) @executable_path/Frameworks";
				PRODUCT_BUNDLE_IDENTIFIER = com.envoy.EnvoyCodeTest;
				PRODUCT_NAME = "$(TARGET_NAME)";
				SWIFT_VERSION = 4.0;
				TARGETED_DEVICE_FAMILY = 1;
			};
			name = Debug;
		};
		03206AB81F948F3000FFB69A /* Release */ = {
			isa = XCBuildConfiguration;
			buildSettings = {
				ASSETCATALOG_COMPILER_APPICON_NAME = AppIcon;
				CODE_SIGN_STYLE = Automatic;
				DEVELOPMENT_TEAM = 875MRQ5J2T;
				INFOPLIST_FILE = "$(SRCROOT)/EnvoyCodeTest/Resources/Info.plist";
				IPHONEOS_DEPLOYMENT_TARGET = 10.0;
				LD_RUNPATH_SEARCH_PATHS = "$(inherited) @executable_path/Frameworks";
				PRODUCT_BUNDLE_IDENTIFIER = com.envoy.EnvoyCodeTest;
				PRODUCT_NAME = "$(TARGET_NAME)";
				SWIFT_VERSION = 4.0;
				TARGETED_DEVICE_FAMILY = 1;
			};
			name = Release;
		};
		03206ABA1F948F3000FFB69A /* Debug */ = {
			isa = XCBuildConfiguration;
			buildSettings = {
				ALWAYS_EMBED_SWIFT_STANDARD_LIBRARIES = YES;
				BUNDLE_LOADER = "$(TEST_HOST)";
				CODE_SIGN_STYLE = Automatic;
				INFOPLIST_FILE = EnvoyCodeTestTests/Info.plist;
				LD_RUNPATH_SEARCH_PATHS = "$(inherited) @executable_path/Frameworks @loader_path/Frameworks";
				PRODUCT_BUNDLE_IDENTIFIER = com.envoy.EnvoyCodeTestTests;
				PRODUCT_NAME = "$(TARGET_NAME)";
				SWIFT_VERSION = 4.0;
				TARGETED_DEVICE_FAMILY = "1,2";
				TEST_HOST = "$(BUILT_PRODUCTS_DIR)/EnvoyCodeTest.app/EnvoyCodeTest";
			};
			name = Debug;
		};
		03206ABB1F948F3000FFB69A /* Release */ = {
			isa = XCBuildConfiguration;
			buildSettings = {
				ALWAYS_EMBED_SWIFT_STANDARD_LIBRARIES = YES;
				BUNDLE_LOADER = "$(TEST_HOST)";
				CODE_SIGN_STYLE = Automatic;
				INFOPLIST_FILE = EnvoyCodeTestTests/Info.plist;
				LD_RUNPATH_SEARCH_PATHS = "$(inherited) @executable_path/Frameworks @loader_path/Frameworks";
				PRODUCT_BUNDLE_IDENTIFIER = com.envoy.EnvoyCodeTestTests;
				PRODUCT_NAME = "$(TARGET_NAME)";
				SWIFT_VERSION = 4.0;
				TARGETED_DEVICE_FAMILY = "1,2";
				TEST_HOST = "$(BUILT_PRODUCTS_DIR)/EnvoyCodeTest.app/EnvoyCodeTest";
			};
			name = Release;
		};
/* End XCBuildConfiguration section */

/* Begin XCConfigurationList section */
		03206A941F948F3000FFB69A /* Build configuration list for PBXProject "EnvoyCodeTest" */ = {
			isa = XCConfigurationList;
			buildConfigurations = (
				03206AB41F948F3000FFB69A /* Debug */,
				03206AB51F948F3000FFB69A /* Release */,
			);
			defaultConfigurationIsVisible = 0;
			defaultConfigurationName = Release;
		};
		03206AB61F948F3000FFB69A /* Build configuration list for PBXNativeTarget "EnvoyCodeTest" */ = {
			isa = XCConfigurationList;
			buildConfigurations = (
				03206AB71F948F3000FFB69A /* Debug */,
				03206AB81F948F3000FFB69A /* Release */,
			);
			defaultConfigurationIsVisible = 0;
			defaultConfigurationName = Release;
		};
		03206AB91F948F3000FFB69A /* Build configuration list for PBXNativeTarget "EnvoyCodeTest-Tests" */ = {
			isa = XCConfigurationList;
			buildConfigurations = (
				03206ABA1F948F3000FFB69A /* Debug */,
				03206ABB1F948F3000FFB69A /* Release */,
			);
			defaultConfigurationIsVisible = 0;
			defaultConfigurationName = Release;
		};
/* End XCConfigurationList section */
	};
	rootObject = 03206A911F948F3000FFB69A /* Project object */;
}
