// !$*UTF8*$!
{
	archiveVersion = 1;
	classes = {
	};
	objectVersion = 46;
	objects = {

/* Begin PBXBuildFile section */
		5F4E97462044CACA009FE284 /* AppDelegate.swift in Sources */ = {isa = PBXBuildFile; fileRef = 5F4E97452044CACA009FE284 /* AppDelegate.swift */; };
		5F4E974B2044CACA009FE284 /* Main.storyboard in Resources */ = {isa = PBXBuildFile; fileRef = 5F4E97492044CACA009FE284 /* Main.storyboard */; };
		5F4E974D2044CACA009FE284 /* Assets.xcassets in Resources */ = {isa = PBXBuildFile; fileRef = 5F4E974C2044CACA009FE284 /* Assets.xcassets */; };
		5F4E97502044CACA009FE284 /* LaunchScreen.storyboard in Resources */ = {isa = PBXBuildFile; fileRef = 5F4E974E2044CACA009FE284 /* LaunchScreen.storyboard */; };
		5F4E97592044CAFE009FE284 /* JSON.swift in Sources */ = {isa = PBXBuildFile; fileRef = 5F4E97582044CAFE009FE284 /* JSON.swift */; };
		5F4E975B2044CB0F009FE284 /* GCD.swift in Sources */ = {isa = PBXBuildFile; fileRef = 5F4E975A2044CB0F009FE284 /* GCD.swift */; };
		5F4E975E2044CB33009FE284 /* String+Extensions.swift in Sources */ = {isa = PBXBuildFile; fileRef = 5F4E975D2044CB33009FE284 /* String+Extensions.swift */; };
		5F4E97612044CB66009FE284 /* APIManager.swift in Sources */ = {isa = PBXBuildFile; fileRef = 5F4E97602044CB66009FE284 /* APIManager.swift */; };
		5F4E97632044CB8D009FE284 /* Constants.swift in Sources */ = {isa = PBXBuildFile; fileRef = 5F4E97622044CB8D009FE284 /* Constants.swift */; };
		5F4E97662044CBD5009FE284 /* ImageViewSpinner.swift in Sources */ = {isa = PBXBuildFile; fileRef = 5F4E97652044CBD5009FE284 /* ImageViewSpinner.swift */; };
		5F4E976B2044CC26009FE284 /* Business.swift in Sources */ = {isa = PBXBuildFile; fileRef = 5F4E976A2044CC26009FE284 /* Business.swift */; };
		5F9403AF2045C53A00EA2671 /* BusinessesVC.swift in Sources */ = {isa = PBXBuildFile; fileRef = 5F9403AE2045C53A00EA2671 /* BusinessesVC.swift */; };
		5F9403B12045C54600EA2671 /* BusinessesVC+CollectionView.swift in Sources */ = {isa = PBXBuildFile; fileRef = 5F9403B02045C54600EA2671 /* BusinessesVC+CollectionView.swift */; };
		5F9403B32045C5B700EA2671 /* BusinessCell.swift in Sources */ = {isa = PBXBuildFile; fileRef = 5F9403B22045C5B700EA2671 /* BusinessCell.swift */; };
		5F9403B52045C8BB00EA2671 /* UIViewController+Spinner.swift in Sources */ = {isa = PBXBuildFile; fileRef = 5F9403B42045C8BB00EA2671 /* UIViewController+Spinner.swift */; };
		5F9403B72045C92900EA2671 /* StrokeSpinner.swift in Sources */ = {isa = PBXBuildFile; fileRef = 5F9403B62045C92900EA2671 /* StrokeSpinner.swift */; };
		5F9403B92045D3EF00EA2671 /* UIViewController+Alert.swift in Sources */ = {isa = PBXBuildFile; fileRef = 5F9403B82045D3EF00EA2671 /* UIViewController+Alert.swift */; };
		5F9403BB2045D56900EA2671 /* BusinessesVC+SearchBar.swift in Sources */ = {isa = PBXBuildFile; fileRef = 5F9403BA2045D56900EA2671 /* BusinessesVC+SearchBar.swift */; };
		5F9403BD2045E7B500EA2671 /* SearchResultsTVC.swift in Sources */ = {isa = PBXBuildFile; fileRef = 5F9403BC2045E7B500EA2671 /* SearchResultsTVC.swift */; };
/* End PBXBuildFile section */

/* Begin PBXFileReference section */
		5F4E97422044CACA009FE284 /* WM.app */ = {isa = PBXFileReference; explicitFileType = wrapper.application; includeInIndex = 0; path = WM.app; sourceTree = BUILT_PRODUCTS_DIR; };
		5F4E97452044CACA009FE284 /* AppDelegate.swift */ = {isa = PBXFileReference; lastKnownFileType = sourcecode.swift; path = AppDelegate.swift; sourceTree = "<group>"; };
		5F4E974A2044CACA009FE284 /* Base */ = {isa = PBXFileReference; lastKnownFileType = file.storyboard; name = Base; path = Base.lproj/Main.storyboard; sourceTree = "<group>"; };
		5F4E974C2044CACA009FE284 /* Assets.xcassets */ = {isa = PBXFileReference; lastKnownFileType = folder.assetcatalog; path = Assets.xcassets; sourceTree = "<group>"; };
		5F4E974F2044CACA009FE284 /* Base */ = {isa = PBXFileReference; lastKnownFileType = file.storyboard; name = Base; path = Base.lproj/LaunchScreen.storyboard; sourceTree = "<group>"; };
		5F4E97512044CACA009FE284 /* Info.plist */ = {isa = PBXFileReference; lastKnownFileType = text.plist.xml; path = Info.plist; sourceTree = "<group>"; };
		5F4E97582044CAFE009FE284 /* JSON.swift */ = {isa = PBXFileReference; fileEncoding = 4; lastKnownFileType = sourcecode.swift; path = JSON.swift; sourceTree = "<group>"; };
		5F4E975A2044CB0F009FE284 /* GCD.swift */ = {isa = PBXFileReference; fileEncoding = 4; lastKnownFileType = sourcecode.swift; path = GCD.swift; sourceTree = "<group>"; };
		5F4E975D2044CB33009FE284 /* String+Extensions.swift */ = {isa = PBXFileReference; fileEncoding = 4; lastKnownFileType = sourcecode.swift; path = "String+Extensions.swift"; sourceTree = "<group>"; };
		5F4E97602044CB66009FE284 /* APIManager.swift */ = {isa = PBXFileReference; fileEncoding = 4; lastKnownFileType = sourcecode.swift; path = APIManager.swift; sourceTree = "<group>"; };
		5F4E97622044CB8D009FE284 /* Constants.swift */ = {isa = PBXFileReference; fileEncoding = 4; lastKnownFileType = sourcecode.swift; path = Constants.swift; sourceTree = "<group>"; };
		5F4E97652044CBD5009FE284 /* ImageViewSpinner.swift */ = {isa = PBXFileReference; fileEncoding = 4; lastKnownFileType = sourcecode.swift; path = ImageViewSpinner.swift; sourceTree = "<group>"; };
		5F4E976A2044CC26009FE284 /* Business.swift */ = {isa = PBXFileReference; fileEncoding = 4; lastKnownFileType = sourcecode.swift; path = Business.swift; sourceTree = "<group>"; };
		5F9403AE2045C53A00EA2671 /* BusinessesVC.swift */ = {isa = PBXFileReference; lastKnownFileType = sourcecode.swift; path = BusinessesVC.swift; sourceTree = "<group>"; };
		5F9403B02045C54600EA2671 /* BusinessesVC+CollectionView.swift */ = {isa = PBXFileReference; lastKnownFileType = sourcecode.swift; path = "BusinessesVC+CollectionView.swift"; sourceTree = "<group>"; };
		5F9403B22045C5B700EA2671 /* BusinessCell.swift */ = {isa = PBXFileReference; lastKnownFileType = sourcecode.swift; path = BusinessCell.swift; sourceTree = "<group>"; };
		5F9403B42045C8BB00EA2671 /* UIViewController+Spinner.swift */ = {isa = PBXFileReference; lastKnownFileType = sourcecode.swift; path = "UIViewController+Spinner.swift"; sourceTree = "<group>"; };
		5F9403B62045C92900EA2671 /* StrokeSpinner.swift */ = {isa = PBXFileReference; lastKnownFileType = sourcecode.swift; path = StrokeSpinner.swift; sourceTree = "<group>"; };
		5F9403B82045D3EF00EA2671 /* UIViewController+Alert.swift */ = {isa = PBXFileReference; lastKnownFileType = sourcecode.swift; path = "UIViewController+Alert.swift"; sourceTree = "<group>"; };
		5F9403BA2045D56900EA2671 /* BusinessesVC+SearchBar.swift */ = {isa = PBXFileReference; lastKnownFileType = sourcecode.swift; path = "BusinessesVC+SearchBar.swift"; sourceTree = "<group>"; };
		5F9403BC2045E7B500EA2671 /* SearchResultsTVC.swift */ = {isa = PBXFileReference; lastKnownFileType = sourcecode.swift; path = SearchResultsTVC.swift; sourceTree = "<group>"; };
/* End PBXFileReference section */

/* Begin PBXFrameworksBuildPhase section */
		5F4E973F2044CACA009FE284 /* Frameworks */ = {
			isa = PBXFrameworksBuildPhase;
			buildActionMask = 2147483647;
			files = (
			);
			runOnlyForDeploymentPostprocessing = 0;
		};
/* End PBXFrameworksBuildPhase section */

/* Begin PBXGroup section */
		5F4E97392044CACA009FE284 = {
			isa = PBXGroup;
			children = (
				5F4E97442044CACA009FE284 /* WM */,
				5F4E97432044CACA009FE284 /* Products */,
			);
			sourceTree = "<group>";
		};
		5F4E97432044CACA009FE284 /* Products */ = {
			isa = PBXGroup;
			children = (
				5F4E97422044CACA009FE284 /* WM.app */,
			);
			name = Products;
			sourceTree = "<group>";
		};
		5F4E97442044CACA009FE284 /* WM */ = {
			isa = PBXGroup;
			children = (
				5F4E97452044CACA009FE284 /* AppDelegate.swift */,
				5F4E97622044CB8D009FE284 /* Constants.swift */,
				5F4E97692044CC0D009FE284 /* Model */,
				5F4E97642044CBC0009FE284 /* View */,
				5F4E97682044CBFE009FE284 /* Controller */,
				5F4E975F2044CB57009FE284 /* Managers */,
				5F4E975C2044CB21009FE284 /* Extensions */,
				5F4E97572044CAEB009FE284 /* Utilities */,
				5F4E97672044CBEA009FE284 /* Resources */,
			);
			path = WM;
			sourceTree = "<group>";
		};
		5F4E97572044CAEB009FE284 /* Utilities */ = {
			isa = PBXGroup;
			children = (
				5F4E97582044CAFE009FE284 /* JSON.swift */,
				5F4E975A2044CB0F009FE284 /* GCD.swift */,
			);
			name = Utilities;
			sourceTree = "<group>";
		};
		5F4E975C2044CB21009FE284 /* Extensions */ = {
			isa = PBXGroup;
			children = (
				5F4E975D2044CB33009FE284 /* String+Extensions.swift */,
				5F9403B42045C8BB00EA2671 /* UIViewController+Spinner.swift */,
				5F9403B82045D3EF00EA2671 /* UIViewController+Alert.swift */,
			);
			name = Extensions;
			sourceTree = "<group>";
		};
		5F4E975F2044CB57009FE284 /* Managers */ = {
			isa = PBXGroup;
			children = (
				5F4E97602044CB66009FE284 /* APIManager.swift */,
			);
			name = Managers;
			sourceTree = "<group>";
		};
		5F4E97642044CBC0009FE284 /* View */ = {
			isa = PBXGroup;
			children = (
				5F4E97652044CBD5009FE284 /* ImageViewSpinner.swift */,
				5F9403B22045C5B700EA2671 /* BusinessCell.swift */,
				5F9403B62045C92900EA2671 /* StrokeSpinner.swift */,
			);
			name = View;
			sourceTree = "<group>";
		};
		5F4E97672044CBEA009FE284 /* Resources */ = {
			isa = PBXGroup;
			children = (
				5F4E97492044CACA009FE284 /* Main.storyboard */,
				5F4E974C2044CACA009FE284 /* Assets.xcassets */,
				5F4E974E2044CACA009FE284 /* LaunchScreen.storyboard */,
				5F4E97512044CACA009FE284 /* Info.plist */,
			);
			name = Resources;
			sourceTree = "<group>";
		};
		5F4E97682044CBFE009FE284 /* Controller */ = {
			isa = PBXGroup;
			children = (
				5F9403AE2045C53A00EA2671 /* BusinessesVC.swift */,
				5F9403B02045C54600EA2671 /* BusinessesVC+CollectionView.swift */,
				5F9403BA2045D56900EA2671 /* BusinessesVC+SearchBar.swift */,
				5F9403BC2045E7B500EA2671 /* SearchResultsTVC.swift */,
			);
			name = Controller;
			sourceTree = "<group>";
		};
		5F4E97692044CC0D009FE284 /* Model */ = {
			isa = PBXGroup;
			children = (
				5F4E976A2044CC26009FE284 /* Business.swift */,
			);
			name = Model;
			sourceTree = "<group>";
		};
/* End PBXGroup section */

/* Begin PBXNativeTarget section */
		5F4E97412044CACA009FE284 /* WM */ = {
			isa = PBXNativeTarget;
			buildConfigurationList = 5F4E97542044CACA009FE284 /* Build configuration list for PBXNativeTarget "WM" */;
			buildPhases = (
				5F4E973E2044CACA009FE284 /* Sources */,
				5F4E973F2044CACA009FE284 /* Frameworks */,
				5F4E97402044CACA009FE284 /* Resources */,
			);
			buildRules = (
			);
			dependencies = (
			);
			name = WM;
			productName = WM;
			productReference = 5F4E97422044CACA009FE284 /* WM.app */;
			productType = "com.apple.product-type.application";
		};
/* End PBXNativeTarget section */

/* Begin PBXProject section */
		5F4E973A2044CACA009FE284 /* Project object */ = {
			isa = PBXProject;
			attributes = {
				LastSwiftUpdateCheck = 0830;
				LastUpgradeCheck = 0830;
				ORGANIZATIONNAME = "Golovanov, Eugene";
				TargetAttributes = {
					5F4E97412044CACA009FE284 = {
						CreatedOnToolsVersion = 8.3.3;
						DevelopmentTeam = 875MRQ5J2T;
						ProvisioningStyle = Automatic;
					};
				};
			};
			buildConfigurationList = 5F4E973D2044CACA009FE284 /* Build configuration list for PBXProject "WM" */;
			compatibilityVersion = "Xcode 3.2";
			developmentRegion = English;
			hasScannedForEncodings = 0;
			knownRegions = (
				English,
				en,
				Base,
			);
			mainGroup = 5F4E97392044CACA009FE284;
			productRefGroup = 5F4E97432044CACA009FE284 /* Products */;
			projectDirPath = "";
			projectRoot = "";
			targets = (
				5F4E97412044CACA009FE284 /* WM */,
			);
		};
/* End PBXProject section */

/* Begin PBXResourcesBuildPhase section */
		5F4E97402044CACA009FE284 /* Resources */ = {
			isa = PBXResourcesBuildPhase;
			buildActionMask = 2147483647;
			files = (
				5F4E97502044CACA009FE284 /* LaunchScreen.storyboard in Resources */,
				5F4E974D2044CACA009FE284 /* Assets.xcassets in Resources */,
				5F4E974B2044CACA009FE284 /* Main.storyboard in Resources */,
			);
			runOnlyForDeploymentPostprocessing = 0;
		};
/* End PBXResourcesBuildPhase section */

/* Begin PBXSourcesBuildPhase section */
		5F4E973E2044CACA009FE284 /* Sources */ = {
			isa = PBXSourcesBuildPhase;
			buildActionMask = 2147483647;
			files = (
				5F9403B92045D3EF00EA2671 /* UIViewController+Alert.swift in Sources */,
				5F4E97612044CB66009FE284 /* APIManager.swift in Sources */,
				5F4E975E2044CB33009FE284 /* String+Extensions.swift in Sources */,
				5F9403AF2045C53A00EA2671 /* BusinessesVC.swift in Sources */,
				5F9403B52045C8BB00EA2671 /* UIViewController+Spinner.swift in Sources */,
				5F4E97592044CAFE009FE284 /* JSON.swift in Sources */,
				5F9403BD2045E7B500EA2671 /* SearchResultsTVC.swift in Sources */,
				5F9403B32045C5B700EA2671 /* BusinessCell.swift in Sources */,
				5F9403B12045C54600EA2671 /* BusinessesVC+CollectionView.swift in Sources */,
				5F4E97632044CB8D009FE284 /* Constants.swift in Sources */,
				5F9403BB2045D56900EA2671 /* BusinessesVC+SearchBar.swift in Sources */,
				5F9403B72045C92900EA2671 /* StrokeSpinner.swift in Sources */,
				5F4E975B2044CB0F009FE284 /* GCD.swift in Sources */,
				5F4E976B2044CC26009FE284 /* Business.swift in Sources */,
				5F4E97662044CBD5009FE284 /* ImageViewSpinner.swift in Sources */,
				5F4E97462044CACA009FE284 /* AppDelegate.swift in Sources */,
			);
			runOnlyForDeploymentPostprocessing = 0;
		};
/* End PBXSourcesBuildPhase section */

/* Begin PBXVariantGroup section */
		5F4E97492044CACA009FE284 /* Main.storyboard */ = {
			isa = PBXVariantGroup;
			children = (
				5F4E974A2044CACA009FE284 /* Base */,
			);
			name = Main.storyboard;
			sourceTree = "<group>";
		};
		5F4E974E2044CACA009FE284 /* LaunchScreen.storyboard */ = {
			isa = PBXVariantGroup;
			children = (
				5F4E974F2044CACA009FE284 /* Base */,
			);
			name = LaunchScreen.storyboard;
			sourceTree = "<group>";
		};
/* End PBXVariantGroup section */

/* Begin XCBuildConfiguration section */
		5F4E97522044CACA009FE284 /* Debug */ = {
			isa = XCBuildConfiguration;
			buildSettings = {
				ALWAYS_SEARCH_USER_PATHS = NO;
				CLANG_ANALYZER_NONNULL = YES;
				CLANG_ANALYZER_NUMBER_OBJECT_CONVERSION = YES_AGGRESSIVE;
				CLANG_CXX_LANGUAGE_STANDARD = "gnu++0x";
				CLANG_CXX_LIBRARY = "libc++";
				CLANG_ENABLE_MODULES = YES;
				CLANG_ENABLE_OBJC_ARC = YES;
				CLANG_WARN_BOOL_CONVERSION = YES;
				CLANG_WARN_CONSTANT_CONVERSION = YES;
				CLANG_WARN_DIRECT_OBJC_ISA_USAGE = YES_ERROR;
				CLANG_WARN_DOCUMENTATION_COMMENTS = YES;
				CLANG_WARN_EMPTY_BODY = YES;
				CLANG_WARN_ENUM_CONVERSION = YES;
				CLANG_WARN_INFINITE_RECURSION = YES;
				CLANG_WARN_INT_CONVERSION = YES;
				CLANG_WARN_OBJC_ROOT_CLASS = YES_ERROR;
				CLANG_WARN_SUSPICIOUS_MOVE = YES;
				CLANG_WARN_UNREACHABLE_CODE = YES;
				CLANG_WARN__DUPLICATE_METHOD_MATCH = YES;
				"CODE_SIGN_IDENTITY[sdk=iphoneos*]" = "iPhone Developer";
				COPY_PHASE_STRIP = NO;
				DEBUG_INFORMATION_FORMAT = dwarf;
				ENABLE_STRICT_OBJC_MSGSEND = YES;
				ENABLE_TESTABILITY = YES;
				GCC_C_LANGUAGE_STANDARD = gnu99;
				GCC_DYNAMIC_NO_PIC = NO;
				GCC_NO_COMMON_BLOCKS = YES;
				GCC_OPTIMIZATION_LEVEL = 0;
				GCC_PREPROCESSOR_DEFINITIONS = (
					"DEBUG=1",
					"$(inherited)",
				);
				GCC_WARN_64_TO_32_BIT_CONVERSION = YES;
				GCC_WARN_ABOUT_RETURN_TYPE = YES_ERROR;
				GCC_WARN_UNDECLARED_SELECTOR = YES;
				GCC_WARN_UNINITIALIZED_AUTOS = YES_AGGRESSIVE;
				GCC_WARN_UNUSED_FUNCTION = YES;
				GCC_WARN_UNUSED_VARIABLE = YES;
				IPHONEOS_DEPLOYMENT_TARGET = 10.3;
				MTL_ENABLE_DEBUG_INFO = YES;
				ONLY_ACTIVE_ARCH = YES;
				SDKROOT = iphoneos;
				SWIFT_ACTIVE_COMPILATION_CONDITIONS = DEBUG;
				SWIFT_OPTIMIZATION_LEVEL = "-Onone";
				TARGETED_DEVICE_FAMILY = "1,2";
			};
			name = Debug;
		};
		5F4E97532044CACA009FE284 /* Release */ = {
			isa = XCBuildConfiguration;
			buildSettings = {
				ALWAYS_SEARCH_USER_PATHS = NO;
				CLANG_ANALYZER_NONNULL = YES;
				CLANG_ANALYZER_NUMBER_OBJECT_CONVERSION = YES_AGGRESSIVE;
				CLANG_CXX_LANGUAGE_STANDARD = "gnu++0x";
				CLANG_CXX_LIBRARY = "libc++";
				CLANG_ENABLE_MODULES = YES;
				CLANG_ENABLE_OBJC_ARC = YES;
				CLANG_WARN_BOOL_CONVERSION = YES;
				CLANG_WARN_CONSTANT_CONVERSION = YES;
				CLANG_WARN_DIRECT_OBJC_ISA_USAGE = YES_ERROR;
				CLANG_WARN_DOCUMENTATION_COMMENTS = YES;
				CLANG_WARN_EMPTY_BODY = YES;
				CLANG_WARN_ENUM_CONVERSION = YES;
				CLANG_WARN_INFINITE_RECURSION = YES;
				CLANG_WARN_INT_CONVERSION = YES;
				CLANG_WARN_OBJC_ROOT_CLASS = YES_ERROR;
				CLANG_WARN_SUSPICIOUS_MOVE = YES;
				CLANG_WARN_UNREACHABLE_CODE = YES;
				CLANG_WARN__DUPLICATE_METHOD_MATCH = YES;
				"CODE_SIGN_IDENTITY[sdk=iphoneos*]" = "iPhone Developer";
				COPY_PHASE_STRIP = NO;
				DEBUG_INFORMATION_FORMAT = "dwarf-with-dsym";
				ENABLE_NS_ASSERTIONS = NO;
				ENABLE_STRICT_OBJC_MSGSEND = YES;
				GCC_C_LANGUAGE_STANDARD = gnu99;
				GCC_NO_COMMON_BLOCKS = YES;
				GCC_WARN_64_TO_32_BIT_CONVERSION = YES;
				GCC_WARN_ABOUT_RETURN_TYPE = YES_ERROR;
				GCC_WARN_UNDECLARED_SELECTOR = YES;
				GCC_WARN_UNINITIALIZED_AUTOS = YES_AGGRESSIVE;
				GCC_WARN_UNUSED_FUNCTION = YES;
				GCC_WARN_UNUSED_VARIABLE = YES;
				IPHONEOS_DEPLOYMENT_TARGET = 10.3;
				MTL_ENABLE_DEBUG_INFO = NO;
				SDKROOT = iphoneos;
				SWIFT_OPTIMIZATION_LEVEL = "-Owholemodule";
				TARGETED_DEVICE_FAMILY = "1,2";
				VALIDATE_PRODUCT = YES;
			};
			name = Release;
		};
		5F4E97552044CACA009FE284 /* Debug */ = {
			isa = XCBuildConfiguration;
			buildSettings = {
				ASSETCATALOG_COMPILER_APPICON_NAME = AppIcon;
				DEVELOPMENT_TEAM = 875MRQ5J2T;
				INFOPLIST_FILE = WM/Info.plist;
				LD_RUNPATH_SEARCH_PATHS = "$(inherited) @executable_path/Frameworks";
				PRODUCT_BUNDLE_IDENTIFIER = com.pick.WM;
				PRODUCT_NAME = "$(TARGET_NAME)";
				SWIFT_VERSION = 4.0;
			};
			name = Debug;
		};
		5F4E97562044CACA009FE284 /* Release */ = {
			isa = XCBuildConfiguration;
			buildSettings = {
				ASSETCATALOG_COMPILER_APPICON_NAME = AppIcon;
				DEVELOPMENT_TEAM = 875MRQ5J2T;
				INFOPLIST_FILE = WM/Info.plist;
				LD_RUNPATH_SEARCH_PATHS = "$(inherited) @executable_path/Frameworks";
				PRODUCT_BUNDLE_IDENTIFIER = com.pick.WM;
				PRODUCT_NAME = "$(TARGET_NAME)";
				SWIFT_VERSION = 4.0;
			};
			name = Release;
		};
/* End XCBuildConfiguration section */

/* Begin XCConfigurationList section */
		5F4E973D2044CACA009FE284 /* Build configuration list for PBXProject "WM" */ = {
			isa = XCConfigurationList;
			buildConfigurations = (
				5F4E97522044CACA009FE284 /* Debug */,
				5F4E97532044CACA009FE284 /* Release */,
			);
			defaultConfigurationIsVisible = 0;
			defaultConfigurationName = Release;
		};
		5F4E97542044CACA009FE284 /* Build configuration list for PBXNativeTarget "WM" */ = {
			isa = XCConfigurationList;
			buildConfigurations = (
				5F4E97552044CACA009FE284 /* Debug */,
				5F4E97562044CACA009FE284 /* Release */,
			);
			defaultConfigurationIsVisible = 0;
			defaultConfigurationName = Release;
		};
/* End XCConfigurationList section */
	};
	rootObject = 5F4E973A2044CACA009FE284 /* Project object */;
}
